
Microsoft Visual Studio Solution File, Format Version 12.00
# Visual Studio 14
VisualStudioVersion = 14.0.25420.1
MinimumVisualStudioVersion = 10.0.40219.1
Project("{F2A71F9B-5D33-465A-A702-920D77279786}") = "ForestSim", "ForestSim\ForestSim.fsproj", "{44382C95-1694-44C5-BD17-C12F604B6FF0}"
EndProject
Global
	GlobalSection(SolutionConfigurationPlatforms) = preSolution
		Debug|x64 = Debug|x64
		Release|x64 = Release|x64
	EndGlobalSection
	GlobalSection(ProjectConfigurationPlatforms) = postSolution
		{44382C95-1694-44C5-BD17-C12F604B6FF0}.Debug|x64.ActiveCfg = Debug|x64
		{44382C95-1694-44C5-BD17-C12F604B6FF0}.Debug|x64.Build.0 = Debug|x64
		{44382C95-1694-44C5-BD17-C12F604B6FF0}.Release|x64.ActiveCfg = Release|x64
		{44382C95-1694-44C5-BD17-C12F604B6FF0}.Release|x64.Build.0 = Release|x64
	EndGlobalSection
	GlobalSection(SolutionProperties) = preSolution
		HideSolutionNode = FALSE
	EndGlobalSection
EndGlobal
